
Microsoft Visual Studio Solution File, Format Version 12.00
# Visual Studio 15
VisualStudioVersion = 15.0.27428.2015
MinimumVisualStudioVersion = 10.0.40219.1
Project("{FAE04EC0-301F-11D3-BF4B-00C04F79EFBC}") = "Deliverable 2 Fun Recommendations Raheel Khan", "Deliverable 2 Fun Recommendations Raheel Khan\Deliverable 2 Fun Recommendations Raheel Khan.csproj", "{61AA1D78-5807-4367-9AF5-D61E8B8B642F}"
EndProject
Global
	GlobalSection(SolutionConfigurationPlatforms) = preSolution
		Debug|Any CPU = Debug|Any CPU
		Release|Any CPU = Release|Any CPU
	EndGlobalSection
	GlobalSection(ProjectConfigurationPlatforms) = postSolution
		{61AA1D78-5807-4367-9AF5-D61E8B8B642F}.Debug|Any CPU.ActiveCfg = Debug|Any CPU
		{61AA1D78-5807-4367-9AF5-D61E8B8B642F}.Debug|Any CPU.Build.0 = Debug|Any CPU
		{61AA1D78-5807-4367-9AF5-D61E8B8B642F}.Release|Any CPU.ActiveCfg = Release|Any CPU
		{61AA1D78-5807-4367-9AF5-D61E8B8B642F}.Release|Any CPU.Build.0 = Release|Any CPU
	EndGlobalSection
	GlobalSection(SolutionProperties) = preSolution
		HideSolutionNode = FALSE
	EndGlobalSection
	GlobalSection(ExtensibilityGlobals) = postSolution
		SolutionGuid = {D7351DDB-AFAA-40A9-8324-A1560DB0340C}
	EndGlobalSection
EndGlobal
